// !$*UTF8*$!
{
	archiveVersion = 1;
	classes = {
	};
	objectVersion = 56;
	objects = {

/* Begin PBXBuildFile section */
		3F2410E129B45CAB00661D74 /* AppDelegate.swift in Sources */ = {isa = PBXBuildFile; fileRef = 3F2410E029B45CAB00661D74 /* AppDelegate.swift */; };
		3F2410E329B45CAB00661D74 /* SceneDelegate.swift in Sources */ = {isa = PBXBuildFile; fileRef = 3F2410E229B45CAB00661D74 /* SceneDelegate.swift */; };
		3F2410E529B45CAB00661D74 /* RMTabBarViewController.swift in Sources */ = {isa = PBXBuildFile; fileRef = 3F2410E429B45CAB00661D74 /* RMTabBarViewController.swift */; };
		3F2410EA29B45CAC00661D74 /* Assets.xcassets in Resources */ = {isa = PBXBuildFile; fileRef = 3F2410E929B45CAC00661D74 /* Assets.xcassets */; };
		3F2410ED29B45CAC00661D74 /* LaunchScreen.storyboard in Resources */ = {isa = PBXBuildFile; fileRef = 3F2410EB29B45CAC00661D74 /* LaunchScreen.storyboard */; };
		3F24111929B460A900661D74 /* RMLocation.swift in Sources */ = {isa = PBXBuildFile; fileRef = 3F24111829B460A900661D74 /* RMLocation.swift */; };
		3F24111B29B460CD00661D74 /* RMCharacter.swift in Sources */ = {isa = PBXBuildFile; fileRef = 3F24111A29B460CD00661D74 /* RMCharacter.swift */; };
		3F24111D29B460E600661D74 /* RMEpisode.swift in Sources */ = {isa = PBXBuildFile; fileRef = 3F24111C29B460E600661D74 /* RMEpisode.swift */; };
		3F24112029B461F000661D74 /* RMCharacterViewController.swift in Sources */ = {isa = PBXBuildFile; fileRef = 3F24111F29B461F000661D74 /* RMCharacterViewController.swift */; };
		3F24112229B4620500661D74 /* RMLocationViewController.swift in Sources */ = {isa = PBXBuildFile; fileRef = 3F24112129B4620500661D74 /* RMLocationViewController.swift */; };
		3F24112429B4621B00661D74 /* RMEpisodeViewController.swift in Sources */ = {isa = PBXBuildFile; fileRef = 3F24112329B4621B00661D74 /* RMEpisodeViewController.swift */; };
		3F24112629B4622800661D74 /* RMSettingsViewController.swift in Sources */ = {isa = PBXBuildFile; fileRef = 3F24112529B4622800661D74 /* RMSettingsViewController.swift */; };
		3F24112829B4771F00661D74 /* RMService.swift in Sources */ = {isa = PBXBuildFile; fileRef = 3F24112729B4771F00661D74 /* RMService.swift */; };
		3F24112A29B4774F00661D74 /* RMRequest.swift in Sources */ = {isa = PBXBuildFile; fileRef = 3F24112929B4774F00661D74 /* RMRequest.swift */; };
		3FEEC3A329B47C6800E5FA23 /* RMEndpoint.swift in Sources */ = {isa = PBXBuildFile; fileRef = 3FEEC3A229B47C6800E5FA23 /* RMEndpoint.swift */; };
/* End PBXBuildFile section */

/* Begin PBXFileReference section */
		3F2410DD29B45CAB00661D74 /* RickAndMorty.app */ = {isa = PBXFileReference; explicitFileType = wrapper.application; includeInIndex = 0; path = RickAndMorty.app; sourceTree = BUILT_PRODUCTS_DIR; };
		3F2410E029B45CAB00661D74 /* AppDelegate.swift */ = {isa = PBXFileReference; lastKnownFileType = sourcecode.swift; path = AppDelegate.swift; sourceTree = "<group>"; };
		3F2410E229B45CAB00661D74 /* SceneDelegate.swift */ = {isa = PBXFileReference; lastKnownFileType = sourcecode.swift; path = SceneDelegate.swift; sourceTree = "<group>"; };
		3F2410E429B45CAB00661D74 /* RMTabBarViewController.swift */ = {isa = PBXFileReference; lastKnownFileType = sourcecode.swift; path = RMTabBarViewController.swift; sourceTree = "<group>"; };
		3F2410E929B45CAC00661D74 /* Assets.xcassets */ = {isa = PBXFileReference; lastKnownFileType = folder.assetcatalog; path = Assets.xcassets; sourceTree = "<group>"; };
		3F2410EC29B45CAC00661D74 /* Base */ = {isa = PBXFileReference; lastKnownFileType = file.storyboard; name = Base; path = Base.lproj/LaunchScreen.storyboard; sourceTree = "<group>"; };
		3F2410EE29B45CAC00661D74 /* Info.plist */ = {isa = PBXFileReference; lastKnownFileType = text.plist.xml; path = Info.plist; sourceTree = "<group>"; };
		3F24111829B460A900661D74 /* RMLocation.swift */ = {isa = PBXFileReference; lastKnownFileType = sourcecode.swift; path = RMLocation.swift; sourceTree = "<group>"; };
		3F24111A29B460CD00661D74 /* RMCharacter.swift */ = {isa = PBXFileReference; lastKnownFileType = sourcecode.swift; path = RMCharacter.swift; sourceTree = "<group>"; };
		3F24111C29B460E600661D74 /* RMEpisode.swift */ = {isa = PBXFileReference; lastKnownFileType = sourcecode.swift; path = RMEpisode.swift; sourceTree = "<group>"; };
		3F24111F29B461F000661D74 /* RMCharacterViewController.swift */ = {isa = PBXFileReference; lastKnownFileType = sourcecode.swift; path = RMCharacterViewController.swift; sourceTree = "<group>"; };
		3F24112129B4620500661D74 /* RMLocationViewController.swift */ = {isa = PBXFileReference; lastKnownFileType = sourcecode.swift; path = RMLocationViewController.swift; sourceTree = "<group>"; };
		3F24112329B4621B00661D74 /* RMEpisodeViewController.swift */ = {isa = PBXFileReference; lastKnownFileType = sourcecode.swift; path = RMEpisodeViewController.swift; sourceTree = "<group>"; };
		3F24112529B4622800661D74 /* RMSettingsViewController.swift */ = {isa = PBXFileReference; lastKnownFileType = sourcecode.swift; path = RMSettingsViewController.swift; sourceTree = "<group>"; };
		3F24112729B4771F00661D74 /* RMService.swift */ = {isa = PBXFileReference; lastKnownFileType = sourcecode.swift; path = RMService.swift; sourceTree = "<group>"; };
		3F24112929B4774F00661D74 /* RMRequest.swift */ = {isa = PBXFileReference; lastKnownFileType = sourcecode.swift; path = RMRequest.swift; sourceTree = "<group>"; };
		3FEEC3A229B47C6800E5FA23 /* RMEndpoint.swift */ = {isa = PBXFileReference; lastKnownFileType = sourcecode.swift; path = RMEndpoint.swift; sourceTree = "<group>"; };
/* End PBXFileReference section */

/* Begin PBXFrameworksBuildPhase section */
		3F2410DA29B45CAB00661D74 /* Frameworks */ = {
			isa = PBXFrameworksBuildPhase;
			buildActionMask = 2147483647;
			files = (
			);
			runOnlyForDeploymentPostprocessing = 0;
		};
/* End PBXFrameworksBuildPhase section */

/* Begin PBXGroup section */
		3F2410D429B45CAB00661D74 = {
			isa = PBXGroup;
			children = (
				3F2410DF29B45CAB00661D74 /* RickAndMorty */,
				3F2410DE29B45CAB00661D74 /* Products */,
			);
			sourceTree = "<group>";
		};
		3F2410DE29B45CAB00661D74 /* Products */ = {
			isa = PBXGroup;
			children = (
				3F2410DD29B45CAB00661D74 /* RickAndMorty.app */,
			);
			name = Products;
			sourceTree = "<group>";
		};
		3F2410DF29B45CAB00661D74 /* RickAndMorty */ = {
			isa = PBXGroup;
			children = (
				3F24111629B45F8E00661D74 /* Resources */,
				3F24111529B45F7700661D74 /* Managers */,
				3F24111429B45F6600661D74 /* APIClient */,
				3F24111329B45F5100661D74 /* ViewModels */,
				3F24111229B45F4100661D74 /* Views */,
				3F24111129B45F3200661D74 /* Models */,
				3F24111029B45F2100661D74 /* Controllers */,
				3F2410EE29B45CAC00661D74 /* Info.plist */,
			);
			path = RickAndMorty;
			sourceTree = "<group>";
		};
		3F24111029B45F2100661D74 /* Controllers */ = {
			isa = PBXGroup;
			children = (
				3F24111E29B461B800661D74 /* Core */,
			);
			path = Controllers;
			sourceTree = "<group>";
		};
		3F24111129B45F3200661D74 /* Models */ = {
			isa = PBXGroup;
			children = (
				3F24111829B460A900661D74 /* RMLocation.swift */,
				3F24111A29B460CD00661D74 /* RMCharacter.swift */,
				3F24111C29B460E600661D74 /* RMEpisode.swift */,
			);
			path = Models;
			sourceTree = "<group>";
		};
		3F24111229B45F4100661D74 /* Views */ = {
			isa = PBXGroup;
			children = (
			);
			path = Views;
			sourceTree = "<group>";
		};
		3F24111329B45F5100661D74 /* ViewModels */ = {
			isa = PBXGroup;
			children = (
			);
			path = ViewModels;
			sourceTree = "<group>";
		};
		3F24111429B45F6600661D74 /* APIClient */ = {
			isa = PBXGroup;
			children = (
				3F24112729B4771F00661D74 /* RMService.swift */,
				3F24112929B4774F00661D74 /* RMRequest.swift */,
				3FEEC3A229B47C6800E5FA23 /* RMEndpoint.swift */,
			);
			path = APIClient;
			sourceTree = "<group>";
		};
		3F24111529B45F7700661D74 /* Managers */ = {
			isa = PBXGroup;
			children = (
			);
			path = Managers;
			sourceTree = "<group>";
		};
		3F24111629B45F8E00661D74 /* Resources */ = {
			isa = PBXGroup;
			children = (
				3F24111729B4603700661D74 /* AppDelegate */,
				3F2410E929B45CAC00661D74 /* Assets.xcassets */,
				3F2410EB29B45CAC00661D74 /* LaunchScreen.storyboard */,
			);
			path = Resources;
			sourceTree = "<group>";
		};
		3F24111729B4603700661D74 /* AppDelegate */ = {
			isa = PBXGroup;
			children = (
				3F2410E029B45CAB00661D74 /* AppDelegate.swift */,
				3F2410E229B45CAB00661D74 /* SceneDelegate.swift */,
			);
			path = AppDelegate;
			sourceTree = "<group>";
		};
		3F24111E29B461B800661D74 /* Core */ = {
			isa = PBXGroup;
			children = (
				3F2410E429B45CAB00661D74 /* RMTabBarViewController.swift */,
				3F24111F29B461F000661D74 /* RMCharacterViewController.swift */,
				3F24112129B4620500661D74 /* RMLocationViewController.swift */,
				3F24112329B4621B00661D74 /* RMEpisodeViewController.swift */,
				3F24112529B4622800661D74 /* RMSettingsViewController.swift */,
			);
			path = Core;
			sourceTree = "<group>";
		};
/* End PBXGroup section */

/* Begin PBXNativeTarget section */
		3F2410DC29B45CAB00661D74 /* RickAndMorty */ = {
			isa = PBXNativeTarget;
			buildConfigurationList = 3F24110729B45CAC00661D74 /* Build configuration list for PBXNativeTarget "RickAndMorty" */;
			buildPhases = (
				3F2410D929B45CAB00661D74 /* Sources */,
				3F2410DA29B45CAB00661D74 /* Frameworks */,
				3F2410DB29B45CAB00661D74 /* Resources */,
			);
			buildRules = (
			);
			dependencies = (
			);
			name = RickAndMorty;
			productName = RickAndMorty;
			productReference = 3F2410DD29B45CAB00661D74 /* RickAndMorty.app */;
			productType = "com.apple.product-type.application";
		};
/* End PBXNativeTarget section */

/* Begin PBXProject section */
		3F2410D529B45CAB00661D74 /* Project object */ = {
			isa = PBXProject;
			attributes = {
				BuildIndependentTargetsInParallel = 1;
				LastSwiftUpdateCheck = 1420;
				LastUpgradeCheck = 1420;
				TargetAttributes = {
					3F2410DC29B45CAB00661D74 = {
						CreatedOnToolsVersion = 14.2;
					};
				};
			};
			buildConfigurationList = 3F2410D829B45CAB00661D74 /* Build configuration list for PBXProject "RickAndMorty" */;
			compatibilityVersion = "Xcode 14.0";
			developmentRegion = en;
			hasScannedForEncodings = 0;
			knownRegions = (
				en,
				Base,
			);
			mainGroup = 3F2410D429B45CAB00661D74;
			productRefGroup = 3F2410DE29B45CAB00661D74 /* Products */;
			projectDirPath = "";
			projectRoot = "";
			targets = (
				3F2410DC29B45CAB00661D74 /* RickAndMorty */,
			);
		};
/* End PBXProject section */

/* Begin PBXResourcesBuildPhase section */
		3F2410DB29B45CAB00661D74 /* Resources */ = {
			isa = PBXResourcesBuildPhase;
			buildActionMask = 2147483647;
			files = (
				3F2410ED29B45CAC00661D74 /* LaunchScreen.storyboard in Resources */,
				3F2410EA29B45CAC00661D74 /* Assets.xcassets in Resources */,
			);
			runOnlyForDeploymentPostprocessing = 0;
		};
/* End PBXResourcesBuildPhase section */

/* Begin PBXSourcesBuildPhase section */
		3F2410D929B45CAB00661D74 /* Sources */ = {
			isa = PBXSourcesBuildPhase;
			buildActionMask = 2147483647;
			files = (
				3F24112229B4620500661D74 /* RMLocationViewController.swift in Sources */,
				3F24111D29B460E600661D74 /* RMEpisode.swift in Sources */,
				3F2410E529B45CAB00661D74 /* RMTabBarViewController.swift in Sources */,
				3F24112429B4621B00661D74 /* RMEpisodeViewController.swift in Sources */,
				3F2410E129B45CAB00661D74 /* AppDelegate.swift in Sources */,
				3F2410E329B45CAB00661D74 /* SceneDelegate.swift in Sources */,
				3F24112629B4622800661D74 /* RMSettingsViewController.swift in Sources */,
				3F24112829B4771F00661D74 /* RMService.swift in Sources */,
				3F24111929B460A900661D74 /* RMLocation.swift in Sources */,
				3FEEC3A329B47C6800E5FA23 /* RMEndpoint.swift in Sources */,
				3F24111B29B460CD00661D74 /* RMCharacter.swift in Sources */,
				3F24112A29B4774F00661D74 /* RMRequest.swift in Sources */,
				3F24112029B461F000661D74 /* RMCharacterViewController.swift in Sources */,
			);
			runOnlyForDeploymentPostprocessing = 0;
		};
/* End PBXSourcesBuildPhase section */

/* Begin PBXVariantGroup section */
		3F2410EB29B45CAC00661D74 /* LaunchScreen.storyboard */ = {
			isa = PBXVariantGroup;
			children = (
				3F2410EC29B45CAC00661D74 /* Base */,
			);
			name = LaunchScreen.storyboard;
			sourceTree = "<group>";
		};
/* End PBXVariantGroup section */

/* Begin XCBuildConfiguration section */
		3F24110529B45CAC00661D74 /* Debug */ = {
			isa = XCBuildConfiguration;
			buildSettings = {
				ALWAYS_SEARCH_USER_PATHS = NO;
				CLANG_ANALYZER_NONNULL = YES;
				CLANG_ANALYZER_NUMBER_OBJECT_CONVERSION = YES_AGGRESSIVE;
				CLANG_CXX_LANGUAGE_STANDARD = "gnu++20";
				CLANG_ENABLE_MODULES = YES;
				CLANG_ENABLE_OBJC_ARC = YES;
				CLANG_ENABLE_OBJC_WEAK = YES;
				CLANG_WARN_BLOCK_CAPTURE_AUTORELEASING = YES;
				CLANG_WARN_BOOL_CONVERSION = YES;
				CLANG_WARN_COMMA = YES;
				CLANG_WARN_CONSTANT_CONVERSION = YES;
				CLANG_WARN_DEPRECATED_OBJC_IMPLEMENTATIONS = YES;
				CLANG_WARN_DIRECT_OBJC_ISA_USAGE = YES_ERROR;
				CLANG_WARN_DOCUMENTATION_COMMENTS = YES;
				CLANG_WARN_EMPTY_BODY = YES;
				CLANG_WARN_ENUM_CONVERSION = YES;
				CLANG_WARN_INFINITE_RECURSION = YES;
				CLANG_WARN_INT_CONVERSION = YES;
				CLANG_WARN_NON_LITERAL_NULL_CONVERSION = YES;
				CLANG_WARN_OBJC_IMPLICIT_RETAIN_SELF = YES;
				CLANG_WARN_OBJC_LITERAL_CONVERSION = YES;
				CLANG_WARN_OBJC_ROOT_CLASS = YES_ERROR;
				CLANG_WARN_QUOTED_INCLUDE_IN_FRAMEWORK_HEADER = YES;
				CLANG_WARN_RANGE_LOOP_ANALYSIS = YES;
				CLANG_WARN_STRICT_PROTOTYPES = YES;
				CLANG_WARN_SUSPICIOUS_MOVE = YES;
				CLANG_WARN_UNGUARDED_AVAILABILITY = YES_AGGRESSIVE;
				CLANG_WARN_UNREACHABLE_CODE = YES;
				CLANG_WARN__DUPLICATE_METHOD_MATCH = YES;
				COPY_PHASE_STRIP = NO;
				DEBUG_INFORMATION_FORMAT = dwarf;
				ENABLE_STRICT_OBJC_MSGSEND = YES;
				ENABLE_TESTABILITY = YES;
				GCC_C_LANGUAGE_STANDARD = gnu11;
				GCC_DYNAMIC_NO_PIC = NO;
				GCC_NO_COMMON_BLOCKS = YES;
				GCC_OPTIMIZATION_LEVEL = 0;
				GCC_PREPROCESSOR_DEFINITIONS = (
					"DEBUG=1",
					"$(inherited)",
				);
				GCC_WARN_64_TO_32_BIT_CONVERSION = YES;
				GCC_WARN_ABOUT_RETURN_TYPE = YES_ERROR;
				GCC_WARN_UNDECLARED_SELECTOR = YES;
				GCC_WARN_UNINITIALIZED_AUTOS = YES_AGGRESSIVE;
				GCC_WARN_UNUSED_FUNCTION = YES;
				GCC_WARN_UNUSED_VARIABLE = YES;
				IPHONEOS_DEPLOYMENT_TARGET = 16.2;
				MTL_ENABLE_DEBUG_INFO = INCLUDE_SOURCE;
				MTL_FAST_MATH = YES;
				ONLY_ACTIVE_ARCH = YES;
				SDKROOT = iphoneos;
				SWIFT_ACTIVE_COMPILATION_CONDITIONS = DEBUG;
				SWIFT_OPTIMIZATION_LEVEL = "-Onone";
			};
			name = Debug;
		};
		3F24110629B45CAC00661D74 /* Release */ = {
			isa = XCBuildConfiguration;
			buildSettings = {
				ALWAYS_SEARCH_USER_PATHS = NO;
				CLANG_ANALYZER_NONNULL = YES;
				CLANG_ANALYZER_NUMBER_OBJECT_CONVERSION = YES_AGGRESSIVE;
				CLANG_CXX_LANGUAGE_STANDARD = "gnu++20";
				CLANG_ENABLE_MODULES = YES;
				CLANG_ENABLE_OBJC_ARC = YES;
				CLANG_ENABLE_OBJC_WEAK = YES;
				CLANG_WARN_BLOCK_CAPTURE_AUTORELEASING = YES;
				CLANG_WARN_BOOL_CONVERSION = YES;
				CLANG_WARN_COMMA = YES;
				CLANG_WARN_CONSTANT_CONVERSION = YES;
				CLANG_WARN_DEPRECATED_OBJC_IMPLEMENTATIONS = YES;
				CLANG_WARN_DIRECT_OBJC_ISA_USAGE = YES_ERROR;
				CLANG_WARN_DOCUMENTATION_COMMENTS = YES;
				CLANG_WARN_EMPTY_BODY = YES;
				CLANG_WARN_ENUM_CONVERSION = YES;
				CLANG_WARN_INFINITE_RECURSION = YES;
				CLANG_WARN_INT_CONVERSION = YES;
				CLANG_WARN_NON_LITERAL_NULL_CONVERSION = YES;
				CLANG_WARN_OBJC_IMPLICIT_RETAIN_SELF = YES;
				CLANG_WARN_OBJC_LITERAL_CONVERSION = YES;
				CLANG_WARN_OBJC_ROOT_CLASS = YES_ERROR;
				CLANG_WARN_QUOTED_INCLUDE_IN_FRAMEWORK_HEADER = YES;
				CLANG_WARN_RANGE_LOOP_ANALYSIS = YES;
				CLANG_WARN_STRICT_PROTOTYPES = YES;
				CLANG_WARN_SUSPICIOUS_MOVE = YES;
				CLANG_WARN_UNGUARDED_AVAILABILITY = YES_AGGRESSIVE;
				CLANG_WARN_UNREACHABLE_CODE = YES;
				CLANG_WARN__DUPLICATE_METHOD_MATCH = YES;
				COPY_PHASE_STRIP = NO;
				DEBUG_INFORMATION_FORMAT = "dwarf-with-dsym";
				ENABLE_NS_ASSERTIONS = NO;
				ENABLE_STRICT_OBJC_MSGSEND = YES;
				GCC_C_LANGUAGE_STANDARD = gnu11;
				GCC_NO_COMMON_BLOCKS = YES;
				GCC_WARN_64_TO_32_BIT_CONVERSION = YES;
				GCC_WARN_ABOUT_RETURN_TYPE = YES_ERROR;
				GCC_WARN_UNDECLARED_SELECTOR = YES;
				GCC_WARN_UNINITIALIZED_AUTOS = YES_AGGRESSIVE;
				GCC_WARN_UNUSED_FUNCTION = YES;
				GCC_WARN_UNUSED_VARIABLE = YES;
				IPHONEOS_DEPLOYMENT_TARGET = 16.2;
				MTL_ENABLE_DEBUG_INFO = NO;
				MTL_FAST_MATH = YES;
				SDKROOT = iphoneos;
				SWIFT_COMPILATION_MODE = wholemodule;
				SWIFT_OPTIMIZATION_LEVEL = "-O";
				VALIDATE_PRODUCT = YES;
			};
			name = Release;
		};
		3F24110829B45CAC00661D74 /* Debug */ = {
			isa = XCBuildConfiguration;
			buildSettings = {
				ASSETCATALOG_COMPILER_APPICON_NAME = AppIcon;
				ASSETCATALOG_COMPILER_GLOBAL_ACCENT_COLOR_NAME = AccentColor;
				CODE_SIGN_STYLE = Automatic;
				CURRENT_PROJECT_VERSION = 1;
				DEVELOPMENT_TEAM = JB9S2XD9E3;
				GENERATE_INFOPLIST_FILE = YES;
				INFOPLIST_FILE = RickAndMorty/Info.plist;
				INFOPLIST_KEY_UIApplicationSupportsIndirectInputEvents = YES;
				INFOPLIST_KEY_UILaunchStoryboardName = LaunchScreen;
				INFOPLIST_KEY_UISupportedInterfaceOrientations_iPad = "UIInterfaceOrientationPortrait UIInterfaceOrientationPortraitUpsideDown UIInterfaceOrientationLandscapeLeft UIInterfaceOrientationLandscapeRight";
				INFOPLIST_KEY_UISupportedInterfaceOrientations_iPhone = "UIInterfaceOrientationPortrait UIInterfaceOrientationLandscapeLeft UIInterfaceOrientationLandscapeRight";
				LD_RUNPATH_SEARCH_PATHS = (
					"$(inherited)",
					"@executable_path/Frameworks",
				);
				MARKETING_VERSION = 1.0;
				PRODUCT_BUNDLE_IDENTIFIER = com.sinatech.RickAndMorty;
				PRODUCT_NAME = "$(TARGET_NAME)";
				SWIFT_EMIT_LOC_STRINGS = YES;
				SWIFT_VERSION = 5.0;
				TARGETED_DEVICE_FAMILY = "1,2";
			};
			name = Debug;
		};
		3F24110929B45CAC00661D74 /* Release */ = {
			isa = XCBuildConfiguration;
			buildSettings = {
				ASSETCATALOG_COMPILER_APPICON_NAME = AppIcon;
				ASSETCATALOG_COMPILER_GLOBAL_ACCENT_COLOR_NAME = AccentColor;
				CODE_SIGN_STYLE = Automatic;
				CURRENT_PROJECT_VERSION = 1;
				DEVELOPMENT_TEAM = JB9S2XD9E3;
				GENERATE_INFOPLIST_FILE = YES;
				INFOPLIST_FILE = RickAndMorty/Info.plist;
				INFOPLIST_KEY_UIApplicationSupportsIndirectInputEvents = YES;
				INFOPLIST_KEY_UILaunchStoryboardName = LaunchScreen;
				INFOPLIST_KEY_UISupportedInterfaceOrientations_iPad = "UIInterfaceOrientationPortrait UIInterfaceOrientationPortraitUpsideDown UIInterfaceOrientationLandscapeLeft UIInterfaceOrientationLandscapeRight";
				INFOPLIST_KEY_UISupportedInterfaceOrientations_iPhone = "UIInterfaceOrientationPortrait UIInterfaceOrientationLandscapeLeft UIInterfaceOrientationLandscapeRight";
				LD_RUNPATH_SEARCH_PATHS = (
					"$(inherited)",
					"@executable_path/Frameworks",
				);
				MARKETING_VERSION = 1.0;
				PRODUCT_BUNDLE_IDENTIFIER = com.sinatech.RickAndMorty;
				PRODUCT_NAME = "$(TARGET_NAME)";
				SWIFT_EMIT_LOC_STRINGS = YES;
				SWIFT_VERSION = 5.0;
				TARGETED_DEVICE_FAMILY = "1,2";
			};
			name = Release;
		};
/* End XCBuildConfiguration section */

/* Begin XCConfigurationList section */
		3F2410D829B45CAB00661D74 /* Build configuration list for PBXProject "RickAndMorty" */ = {
			isa = XCConfigurationList;
			buildConfigurations = (
				3F24110529B45CAC00661D74 /* Debug */,
				3F24110629B45CAC00661D74 /* Release */,
			);
			defaultConfigurationIsVisible = 0;
			defaultConfigurationName = Release;
		};
		3F24110729B45CAC00661D74 /* Build configuration list for PBXNativeTarget "RickAndMorty" */ = {
			isa = XCConfigurationList;
			buildConfigurations = (
				3F24110829B45CAC00661D74 /* Debug */,
				3F24110929B45CAC00661D74 /* Release */,
			);
			defaultConfigurationIsVisible = 0;
			defaultConfigurationName = Release;
		};
/* End XCConfigurationList section */
	};
	rootObject = 3F2410D529B45CAB00661D74 /* Project object */;
}
